
Microsoft Visual Studio Solution File, Format Version 12.00
# Visual Studio 15
VisualStudioVersion = 15.0.28010.2036
MinimumVisualStudioVersion = 10.0.40219.1
Project("{FAE04EC0-301F-11D3-BF4B-00C04F79EFBC}") = "DataStructure_Linear-List", "DataStructure_Linear-List\DataStructure_Linear-List.csproj", "{50B80EE3-4214-465A-A9E4-83FCE33CCFF7}"
EndProject
Project("{FAE04EC0-301F-11D3-BF4B-00C04F79EFBC}") = "Sequence_List_Array", "Sequence_List_Array\Sequence_List_Array.csproj", "{7D1CEBD5-F473-4861-B3F5-BE462A84E1D7}"
EndProject
Project("{FAE04EC0-301F-11D3-BF4B-00C04F79EFBC}") = "ArrayListAndList", "ArrayListAndList\ArrayListAndList.csproj", "{C03A9590-D0E0-4F51-A565-8FC94D3BA745}"
EndProject
Project("{FAE04EC0-301F-11D3-BF4B-00C04F79EFBC}") = "Single_Linked_List", "Single_Linked_List\Single_Linked_List.csproj", "{B22C717C-9F28-4A55-8F53-B517A057B6BE}"
EndProject
Project("{FAE04EC0-301F-11D3-BF4B-00C04F79EFBC}") = "Double_Linked_List", "Double_Linked_List\Double_Linked_List.csproj", "{34338BBE-AF43-4461-BE7E-B1280D632C51}"
EndProject
Project("{FAE04EC0-301F-11D3-BF4B-00C04F79EFBC}") = "Circular_Linked_List", "Circular_Linked_List\Circular_Linked_List.csproj", "{60E85B24-3567-4242-8EEE-3D380737E06F}"
EndProject
Global
	GlobalSection(SolutionConfigurationPlatforms) = preSolution
		Debug|Any CPU = Debug|Any CPU
		Release|Any CPU = Release|Any CPU
	EndGlobalSection
	GlobalSection(ProjectConfigurationPlatforms) = postSolution
		{50B80EE3-4214-465A-A9E4-83FCE33CCFF7}.Debug|Any CPU.ActiveCfg = Debug|Any CPU
		{50B80EE3-4214-465A-A9E4-83FCE33CCFF7}.Debug|Any CPU.Build.0 = Debug|Any CPU
		{50B80EE3-4214-465A-A9E4-83FCE33CCFF7}.Release|Any CPU.ActiveCfg = Release|Any CPU
		{50B80EE3-4214-465A-A9E4-83FCE33CCFF7}.Release|Any CPU.Build.0 = Release|Any CPU
		{7D1CEBD5-F473-4861-B3F5-BE462A84E1D7}.Debug|Any CPU.ActiveCfg = Debug|Any CPU
		{7D1CEBD5-F473-4861-B3F5-BE462A84E1D7}.Debug|Any CPU.Build.0 = Debug|Any CPU
		{7D1CEBD5-F473-4861-B3F5-BE462A84E1D7}.Release|Any CPU.ActiveCfg = Release|Any CPU
		{7D1CEBD5-F473-4861-B3F5-BE462A84E1D7}.Release|Any CPU.Build.0 = Release|Any CPU
		{C03A9590-D0E0-4F51-A565-8FC94D3BA745}.Debug|Any CPU.ActiveCfg = Debug|Any CPU
		{C03A9590-D0E0-4F51-A565-8FC94D3BA745}.Debug|Any CPU.Build.0 = Debug|Any CPU
		{C03A9590-D0E0-4F51-A565-8FC94D3BA745}.Release|Any CPU.ActiveCfg = Release|Any CPU
		{C03A9590-D0E0-4F51-A565-8FC94D3BA745}.Release|Any CPU.Build.0 = Release|Any CPU
		{B22C717C-9F28-4A55-8F53-B517A057B6BE}.Debug|Any CPU.ActiveCfg = Debug|Any CPU
		{B22C717C-9F28-4A55-8F53-B517A057B6BE}.Debug|Any CPU.Build.0 = Debug|Any CPU
		{B22C717C-9F28-4A55-8F53-B517A057B6BE}.Release|Any CPU.ActiveCfg = Release|Any CPU
		{B22C717C-9F28-4A55-8F53-B517A057B6BE}.Release|Any CPU.Build.0 = Release|Any CPU
		{34338BBE-AF43-4461-BE7E-B1280D632C51}.Debug|Any CPU.ActiveCfg = Debug|Any CPU
		{34338BBE-AF43-4461-BE7E-B1280D632C51}.Debug|Any CPU.Build.0 = Debug|Any CPU
		{34338BBE-AF43-4461-BE7E-B1280D632C51}.Release|Any CPU.ActiveCfg = Release|Any CPU
		{34338BBE-AF43-4461-BE7E-B1280D632C51}.Release|Any CPU.Build.0 = Release|Any CPU
		{60E85B24-3567-4242-8EEE-3D380737E06F}.Debug|Any CPU.ActiveCfg = Debug|Any CPU
		{60E85B24-3567-4242-8EEE-3D380737E06F}.Debug|Any CPU.Build.0 = Debug|Any CPU
		{60E85B24-3567-4242-8EEE-3D380737E06F}.Release|Any CPU.ActiveCfg = Release|Any CPU
		{60E85B24-3567-4242-8EEE-3D380737E06F}.Release|Any CPU.Build.0 = Release|Any CPU
	EndGlobalSection
	GlobalSection(SolutionProperties) = preSolution
		HideSolutionNode = FALSE
	EndGlobalSection
	GlobalSection(ExtensibilityGlobals) = postSolution
		SolutionGuid = {953002A7-013A-475F-BB3F-6AFE732B0940}
	EndGlobalSection
EndGlobal
