
Microsoft Visual Studio Solution File, Format Version 12.00
# Visual Studio 15
VisualStudioVersion = 15.0.28010.2036
MinimumVisualStudioVersion = 10.0.40219.1
Project("{FAE04EC0-301F-11D3-BF4B-00C04F79EFBC}") = "Queue", "Queue\Queue.csproj", "{5F06C24A-F0DD-44B5-8CB8-C7A688E677B6}"
EndProject
Project("{FAE04EC0-301F-11D3-BF4B-00C04F79EFBC}") = "Stack", "Stack\Stack.csproj", "{42A7987D-0CCD-49E7-9F4A-2836E273C341}"
EndProject
Global
	GlobalSection(SolutionConfigurationPlatforms) = preSolution
		Debug|Any CPU = Debug|Any CPU
		Release|Any CPU = Release|Any CPU
	EndGlobalSection
	GlobalSection(ProjectConfigurationPlatforms) = postSolution
		{5F06C24A-F0DD-44B5-8CB8-C7A688E677B6}.Debug|Any CPU.ActiveCfg = Debug|Any CPU
		{5F06C24A-F0DD-44B5-8CB8-C7A688E677B6}.Debug|Any CPU.Build.0 = Debug|Any CPU
		{5F06C24A-F0DD-44B5-8CB8-C7A688E677B6}.Release|Any CPU.ActiveCfg = Release|Any CPU
		{5F06C24A-F0DD-44B5-8CB8-C7A688E677B6}.Release|Any CPU.Build.0 = Release|Any CPU
		{42A7987D-0CCD-49E7-9F4A-2836E273C341}.Debug|Any CPU.ActiveCfg = Debug|Any CPU
		{42A7987D-0CCD-49E7-9F4A-2836E273C341}.Debug|Any CPU.Build.0 = Debug|Any CPU
		{42A7987D-0CCD-49E7-9F4A-2836E273C341}.Release|Any CPU.ActiveCfg = Release|Any CPU
		{42A7987D-0CCD-49E7-9F4A-2836E273C341}.Release|Any CPU.Build.0 = Release|Any CPU
	EndGlobalSection
	GlobalSection(SolutionProperties) = preSolution
		HideSolutionNode = FALSE
	EndGlobalSection
	GlobalSection(ExtensibilityGlobals) = postSolution
		SolutionGuid = {513B4604-1C6A-4346-A568-08408B2F3C00}
	EndGlobalSection
EndGlobal
